
Microsoft Visual Studio Solution File, Format Version 12.00
# Visual Studio 2012
Project("{FAE04EC0-301F-11D3-BF4B-00C04F79EFBC}") = "RosaryClient", "ChattingClient\RosaryClient.csproj", "{BF3410E7-6653-49B5-8856-8E41E0761193}"
EndProject
Project("{FAE04EC0-301F-11D3-BF4B-00C04F79EFBC}") = "ChattingServer", "ChattingServer\ChattingServer.csproj", "{06A99983-3715-4074-A7A4-1BB1D0628039}"
EndProject
Project("{FAE04EC0-301F-11D3-BF4B-00C04F79EFBC}") = "ClientServerInterfaces", "ChattingInterfaces\ClientServerInterfaces.csproj", "{BD7DC4A5-864E-4A96-8E14-E6C90AFE9266}"
EndProject
Global
	GlobalSection(SolutionConfigurationPlatforms) = preSolution
		Debug|Any CPU = Debug|Any CPU
		Release|Any CPU = Release|Any CPU
	EndGlobalSection
	GlobalSection(ProjectConfigurationPlatforms) = postSolution
		{BF3410E7-6653-49B5-8856-8E41E0761193}.Debug|Any CPU.ActiveCfg = Debug|Any CPU
		{BF3410E7-6653-49B5-8856-8E41E0761193}.Debug|Any CPU.Build.0 = Debug|Any CPU
		{BF3410E7-6653-49B5-8856-8E41E0761193}.Release|Any CPU.ActiveCfg = Release|Any CPU
		{BF3410E7-6653-49B5-8856-8E41E0761193}.Release|Any CPU.Build.0 = Release|Any CPU
		{06A99983-3715-4074-A7A4-1BB1D0628039}.Debug|Any CPU.ActiveCfg = Debug|Any CPU
		{06A99983-3715-4074-A7A4-1BB1D0628039}.Debug|Any CPU.Build.0 = Debug|Any CPU
		{06A99983-3715-4074-A7A4-1BB1D0628039}.Release|Any CPU.ActiveCfg = Release|Any CPU
		{06A99983-3715-4074-A7A4-1BB1D0628039}.Release|Any CPU.Build.0 = Release|Any CPU
		{BD7DC4A5-864E-4A96-8E14-E6C90AFE9266}.Debug|Any CPU.ActiveCfg = Debug|Any CPU
		{BD7DC4A5-864E-4A96-8E14-E6C90AFE9266}.Debug|Any CPU.Build.0 = Debug|Any CPU
		{BD7DC4A5-864E-4A96-8E14-E6C90AFE9266}.Release|Any CPU.ActiveCfg = Release|Any CPU
		{BD7DC4A5-864E-4A96-8E14-E6C90AFE9266}.Release|Any CPU.Build.0 = Release|Any CPU
	EndGlobalSection
	GlobalSection(SolutionProperties) = preSolution
		HideSolutionNode = FALSE
	EndGlobalSection
EndGlobal
